
Microsoft Visual Studio Solution File, Format Version 12.00
# Visual Studio Version 17
VisualStudioVersion = 17.5.33516.290
MinimumVisualStudioVersion = 10.0.40219.1
Project("{8BC9CEB8-8B4A-11D0-8D11-00A0C91BC942}") = "TaskTrack", "TaskTrack.vcxproj", "{72110393-A741-4244-88B0-CEB980FE0890}"
EndProject
Global
	GlobalSection(SolutionConfigurationPlatforms) = preSolution
		Debug|x64 = Debug|x64
		Debug|x86 = Debug|x86
		Release|x64 = Release|x64
		Release|x86 = Release|x86
	EndGlobalSection
	GlobalSection(ProjectConfigurationPlatforms) = postSolution
		{72110393-A741-4244-88B0-CEB980FE0890}.Debug|x64.ActiveCfg = Debug|x64
		{72110393-A741-4244-88B0-CEB980FE0890}.Debug|x64.Build.0 = Debug|x64
		{72110393-A741-4244-88B0-CEB980FE0890}.Debug|x86.ActiveCfg = Debug|Win32
		{72110393-A741-4244-88B0-CEB980FE0890}.Debug|x86.Build.0 = Debug|Win32
		{72110393-A741-4244-88B0-CEB980FE0890}.Release|x64.ActiveCfg = Release|x64
		{72110393-A741-4244-88B0-CEB980FE0890}.Release|x64.Build.0 = Release|x64
		{72110393-A741-4244-88B0-CEB980FE0890}.Release|x86.ActiveCfg = Release|Win32
		{72110393-A741-4244-88B0-CEB980FE0890}.Release|x86.Build.0 = Release|Win32
	EndGlobalSection
	GlobalSection(SolutionProperties) = preSolution
		HideSolutionNode = FALSE
	EndGlobalSection
	GlobalSection(ExtensibilityGlobals) = postSolution
		SolutionGuid = {504D05C0-C777-4B7F-BC9D-568A3E723E04}
	EndGlobalSection
EndGlobal
